
Microsoft Visual Studio Solution File, Format Version 11.00
# Visual Studio 2010
Project("{8BC9CEB8-8B4A-11D0-8D11-00A0C91BC942}") = "Experiment1", "Experiment1.vcxproj", "{8099B5BC-2703-4307-A18C-07B2BEBD879E}"
EndProject
Global
	GlobalSection(SolutionConfigurationPlatforms) = preSolution
		Debug|Win32 = Debug|Win32
		Release|Win32 = Release|Win32
	EndGlobalSection
	GlobalSection(ProjectConfigurationPlatforms) = postSolution
		{8099B5BC-2703-4307-A18C-07B2BEBD879E}.Debug|Win32.ActiveCfg = Debug|Win32
		{8099B5BC-2703-4307-A18C-07B2BEBD879E}.Debug|Win32.Build.0 = Debug|Win32
		{8099B5BC-2703-4307-A18C-07B2BEBD879E}.Release|Win32.ActiveCfg = Release|Win32
		{8099B5BC-2703-4307-A18C-07B2BEBD879E}.Release|Win32.Build.0 = Release|Win32
	EndGlobalSection
	GlobalSection(SolutionProperties) = preSolution
		HideSolutionNode = FALSE
	EndGlobalSection
EndGlobal
