<?xml version="1.0" encoding="utf-8"?>
<Project ToolsVersion="4.0" xmlns="http://schemas.microsoft.com/developer/msbuild/2003">
  <ItemGroup>
    <Filter Include="源文件">
      <UniqueIdentifier>{4FC737F1-C7A5-4376-A066-2A32D752A2FF}</UniqueIdentifier>
      <Extensions>cpp;c;cc;cxx;def;odl;idl;hpj;bat;asm;asmx</Extensions>
    </Filter>
    <Filter Include="头文件">
      <UniqueIdentifier>{93995380-89BD-4b04-88EB-625FBE52EBFB}</UniqueIdentifier>
      <Extensions>h;hpp;hxx;hm;inl;inc;xsd</Extensions>
    </Filter>
    <Filter Include="资源文件">
      <UniqueIdentifier>{67DA6AB6-F800-4c08-8B7A-83BB121AAD01}</UniqueIdentifier>
      <Extensions>rc;ico;cur;bmp;dlg;rc2;rct;bin;rgs;gif;jpg;jpeg;jpe;resx;tiff;tif;png;wav;mfcribbon-ms</Extensions>
    </Filter>
  </ItemGroup>
  <ItemGroup>
    <None Include="ReadMe.txt" />
    <None Include="res\p4.rc2">
      <Filter>资源文件</Filter>
    </None>
    <None Include="res\p4.ico">
      <Filter>资源文件</Filter>
    </None>
  </ItemGroup>
  <ItemGroup>
    <ClInclude Include="p4.h">
      <Filter>头文件</Filter>
    </ClInclude>
    <ClInclude Include="p4Dlg.h">
      <Filter>头文件</Filter>
    </ClInclude>
    <ClInclude Include="stdafx.h">
      <Filter>头文件</Filter>
    </ClInclude>
    <ClInclude Include="targetver.h">
      <Filter>头文件</Filter>
    </ClInclude>
    <ClInclude Include="Resource.h">
      <Filter>头文件</Filter>
    </ClInclude>
    <ClInclude Include="SystemCate.h">
      <Filter>头文件</Filter>
    </ClInclude>
    <ClInclude Include="ChangePassWord.h">
      <Filter>头文件</Filter>
    </ClInclude>
    <ClInclude Include="qury.h">
      <Filter>头文件</Filter>
    </ClInclude>
    <ClInclude Include="trans.h">
      <Filter>头文件</Filter>
    </ClInclude>
    <ClInclude Include="dspoit.h">
      <Filter>头文件</Filter>
    </ClInclude>
    <ClInclude Include="person.h">
      <Filter>头文件</Filter>
    </ClInclude>
    <ClInclude Include="wdraw.h">
      <Filter>头文件</Filter>
    </ClInclude>
    <ClInclude Include="tranf.h">
      <Filter>头文件</Filter>
    </ClInclude>
    <ClInclude Include="balan.h">
      <Filter>头文件</Filter>
    </ClInclude>
    <ClInclude Include="reg.h">
      <Filter>头文件</Filter>
    </ClInclude>
    <ClInclude Include="history.h">
      <Filter>头文件</Filter>
    </ClInclude>
    <ClInclude Include="qhis.h">
      <Filter>头文件</Filter>
    </ClInclude>
    <ClInclude Include="receipt.h">
      <Filter>头文件</Filter>
    </ClInclude>
  </ItemGroup>
  <ItemGroup>
    <ClCompile Include="p4.cpp">
      <Filter>源文件</Filter>
    </ClCompile>
    <ClCompile Include="p4Dlg.cpp">
      <Filter>源文件</Filter>
    </ClCompile>
    <ClCompile Include="stdafx.cpp">
      <Filter>源文件</Filter>
    </ClCompile>
    <ClCompile Include="SystemCate.cpp">
      <Filter>源文件</Filter>
    </ClCompile>
    <ClCompile Include="ChangePassWord.cpp">
      <Filter>源文件</Filter>
    </ClCompile>
    <ClCompile Include="qury.cpp">
      <Filter>源文件</Filter>
    </ClCompile>
    <ClCompile Include="trans.cpp">
      <Filter>源文件</Filter>
    </ClCompile>
    <ClCompile Include="dspoit.cpp">
      <Filter>源文件</Filter>
    </ClCompile>
    <ClCompile Include="person.cpp">
      <Filter>源文件</Filter>
    </ClCompile>
    <ClCompile Include="wdraw.cpp">
      <Filter>源文件</Filter>
    </ClCompile>
    <ClCompile Include="tranf.cpp">
      <Filter>源文件</Filter>
    </ClCompile>
    <ClCompile Include="balan.cpp">
      <Filter>源文件</Filter>
    </ClCompile>
    <ClCompile Include="reg.cpp">
      <Filter>源文件</Filter>
    </ClCompile>
    <ClCompile Include="qhis.cpp">
      <Filter>源文件</Filter>
    </ClCompile>
    <ClCompile Include="receipt.cpp">
      <Filter>源文件</Filter>
    </ClCompile>
  </ItemGroup>
  <ItemGroup>
    <ResourceCompile Include="p4.rc">
      <Filter>资源文件</Filter>
    </ResourceCompile>
  </ItemGroup>
</Project>